// !$*UTF8*$!
{
	archiveVersion = 1;
	classes = {
	};
	objectVersion = 55;
	objects = {

/* Begin PBXBuildFile section */
		7564F21B2887C9C200A7E670 /* Food_Recipe_ListApp.swift in Sources */ = {isa = PBXBuildFile; fileRef = 7564F21A2887C9C200A7E670 /* Food_Recipe_ListApp.swift */; };
		7564F21D2887C9C200A7E670 /* RecipeListView.swift in Sources */ = {isa = PBXBuildFile; fileRef = 7564F21C2887C9C200A7E670 /* RecipeListView.swift */; };
		7564F21F2887C9C500A7E670 /* Assets.xcassets in Resources */ = {isa = PBXBuildFile; fileRef = 7564F21E2887C9C500A7E670 /* Assets.xcassets */; };
		7564F2222887C9C500A7E670 /* Preview Assets.xcassets in Resources */ = {isa = PBXBuildFile; fileRef = 7564F2212887C9C500A7E670 /* Preview Assets.xcassets */; };
		7564F22C2887C9C500A7E670 /* Food_Recipe_ListTests.swift in Sources */ = {isa = PBXBuildFile; fileRef = 7564F22B2887C9C500A7E670 /* Food_Recipe_ListTests.swift */; };
		7564F2362887C9C500A7E670 /* Food_Recipe_ListUITests.swift in Sources */ = {isa = PBXBuildFile; fileRef = 7564F2352887C9C500A7E670 /* Food_Recipe_ListUITests.swift */; };
		7564F2382887C9C500A7E670 /* Food_Recipe_ListUITestsLaunchTests.swift in Sources */ = {isa = PBXBuildFile; fileRef = 7564F2372887C9C500A7E670 /* Food_Recipe_ListUITestsLaunchTests.swift */; };
		7564F24A2887CA7700A7E670 /* recipes.json in Resources */ = {isa = PBXBuildFile; fileRef = 7564F2492887CA7700A7E670 /* recipes.json */; };
		7564F24C2887CA8E00A7E670 /* Recipe.swift in Sources */ = {isa = PBXBuildFile; fileRef = 7564F24B2887CA8E00A7E670 /* Recipe.swift */; };
		7564F24E2887CB8500A7E670 /* DataFetch.swift in Sources */ = {isa = PBXBuildFile; fileRef = 7564F24D2887CB8500A7E670 /* DataFetch.swift */; };
		7564F2502887CF3E00A7E670 /* RecipeModel.swift in Sources */ = {isa = PBXBuildFile; fileRef = 7564F24F2887CF3E00A7E670 /* RecipeModel.swift */; };
		7564F2542887D1A900A7E670 /* RecipeDetailedView.swift in Sources */ = {isa = PBXBuildFile; fileRef = 7564F2532887D1A900A7E670 /* RecipeDetailedView.swift */; };
/* End PBXBuildFile section */

/* Begin PBXContainerItemProxy section */
		7564F2282887C9C500A7E670 /* PBXContainerItemProxy */ = {
			isa = PBXContainerItemProxy;
			containerPortal = 7564F20F2887C9C200A7E670 /* Project object */;
			proxyType = 1;
			remoteGlobalIDString = 7564F2162887C9C200A7E670;
			remoteInfo = "Food Recipe List";
		};
		7564F2322887C9C500A7E670 /* PBXContainerItemProxy */ = {
			isa = PBXContainerItemProxy;
			containerPortal = 7564F20F2887C9C200A7E670 /* Project object */;
			proxyType = 1;
			remoteGlobalIDString = 7564F2162887C9C200A7E670;
			remoteInfo = "Food Recipe List";
		};
/* End PBXContainerItemProxy section */

/* Begin PBXFileReference section */
		7564F2172887C9C200A7E670 /* Food Recipe List.app */ = {isa = PBXFileReference; explicitFileType = wrapper.application; includeInIndex = 0; path = "Food Recipe List.app"; sourceTree = BUILT_PRODUCTS_DIR; };
		7564F21A2887C9C200A7E670 /* Food_Recipe_ListApp.swift */ = {isa = PBXFileReference; lastKnownFileType = sourcecode.swift; path = Food_Recipe_ListApp.swift; sourceTree = "<group>"; };
		7564F21C2887C9C200A7E670 /* RecipeListView.swift */ = {isa = PBXFileReference; lastKnownFileType = sourcecode.swift; path = RecipeListView.swift; sourceTree = "<group>"; };
		7564F21E2887C9C500A7E670 /* Assets.xcassets */ = {isa = PBXFileReference; lastKnownFileType = folder.assetcatalog; path = Assets.xcassets; sourceTree = "<group>"; };
		7564F2212887C9C500A7E670 /* Preview Assets.xcassets */ = {isa = PBXFileReference; lastKnownFileType = folder.assetcatalog; path = "Preview Assets.xcassets"; sourceTree = "<group>"; };
		7564F2272887C9C500A7E670 /* Food Recipe ListTests.xctest */ = {isa = PBXFileReference; explicitFileType = wrapper.cfbundle; includeInIndex = 0; path = "Food Recipe ListTests.xctest"; sourceTree = BUILT_PRODUCTS_DIR; };
		7564F22B2887C9C500A7E670 /* Food_Recipe_ListTests.swift */ = {isa = PBXFileReference; lastKnownFileType = sourcecode.swift; path = Food_Recipe_ListTests.swift; sourceTree = "<group>"; };
		7564F2312887C9C500A7E670 /* Food Recipe ListUITests.xctest */ = {isa = PBXFileReference; explicitFileType = wrapper.cfbundle; includeInIndex = 0; path = "Food Recipe ListUITests.xctest"; sourceTree = BUILT_PRODUCTS_DIR; };
		7564F2352887C9C500A7E670 /* Food_Recipe_ListUITests.swift */ = {isa = PBXFileReference; lastKnownFileType = sourcecode.swift; path = Food_Recipe_ListUITests.swift; sourceTree = "<group>"; };
		7564F2372887C9C500A7E670 /* Food_Recipe_ListUITestsLaunchTests.swift */ = {isa = PBXFileReference; lastKnownFileType = sourcecode.swift; path = Food_Recipe_ListUITestsLaunchTests.swift; sourceTree = "<group>"; };
		7564F2492887CA7700A7E670 /* recipes.json */ = {isa = PBXFileReference; fileEncoding = 4; lastKnownFileType = text.json; path = recipes.json; sourceTree = "<group>"; };
		7564F24B2887CA8E00A7E670 /* Recipe.swift */ = {isa = PBXFileReference; lastKnownFileType = sourcecode.swift; path = Recipe.swift; sourceTree = "<group>"; };
		7564F24D2887CB8500A7E670 /* DataFetch.swift */ = {isa = PBXFileReference; lastKnownFileType = sourcecode.swift; path = DataFetch.swift; sourceTree = "<group>"; };
		7564F24F2887CF3E00A7E670 /* RecipeModel.swift */ = {isa = PBXFileReference; lastKnownFileType = sourcecode.swift; path = RecipeModel.swift; sourceTree = "<group>"; };
		7564F2532887D1A900A7E670 /* RecipeDetailedView.swift */ = {isa = PBXFileReference; lastKnownFileType = sourcecode.swift; path = RecipeDetailedView.swift; sourceTree = "<group>"; };
/* End PBXFileReference section */

/* Begin PBXFrameworksBuildPhase section */
		7564F2142887C9C200A7E670 /* Frameworks */ = {
			isa = PBXFrameworksBuildPhase;
			buildActionMask = 2147483647;
			files = (
			);
			runOnlyForDeploymentPostprocessing = 0;
		};
		7564F2242887C9C500A7E670 /* Frameworks */ = {
			isa = PBXFrameworksBuildPhase;
			buildActionMask = 2147483647;
			files = (
			);
			runOnlyForDeploymentPostprocessing = 0;
		};
		7564F22E2887C9C500A7E670 /* Frameworks */ = {
			isa = PBXFrameworksBuildPhase;
			buildActionMask = 2147483647;
			files = (
			);
			runOnlyForDeploymentPostprocessing = 0;
		};
/* End PBXFrameworksBuildPhase section */

/* Begin PBXGroup section */
		7564F20E2887C9C200A7E670 = {
			isa = PBXGroup;
			children = (
				7564F2192887C9C200A7E670 /* Food Recipe List */,
				7564F22A2887C9C500A7E670 /* Food Recipe ListTests */,
				7564F2342887C9C500A7E670 /* Food Recipe ListUITests */,
				7564F2182887C9C200A7E670 /* Products */,
			);
			sourceTree = "<group>";
		};
		7564F2182887C9C200A7E670 /* Products */ = {
			isa = PBXGroup;
			children = (
				7564F2172887C9C200A7E670 /* Food Recipe List.app */,
				7564F2272887C9C500A7E670 /* Food Recipe ListTests.xctest */,
				7564F2312887C9C500A7E670 /* Food Recipe ListUITests.xctest */,
			);
			name = Products;
			sourceTree = "<group>";
		};
		7564F2192887C9C200A7E670 /* Food Recipe List */ = {
			isa = PBXGroup;
			children = (
				7564F2452887C9D800A7E670 /* Views */,
				7564F2462887C9DD00A7E670 /* ViewModels */,
				7564F2442887C9D100A7E670 /* Models */,
				7564F2472887C9E500A7E670 /* Services */,
				7564F21E2887C9C500A7E670 /* Assets.xcassets */,
				7564F2482887CA4C00A7E670 /* Data */,
				7564F21A2887C9C200A7E670 /* Food_Recipe_ListApp.swift */,
				7564F2202887C9C500A7E670 /* Preview Content */,
			);
			path = "Food Recipe List";
			sourceTree = "<group>";
		};
		7564F2202887C9C500A7E670 /* Preview Content */ = {
			isa = PBXGroup;
			children = (
				7564F2212887C9C500A7E670 /* Preview Assets.xcassets */,
			);
			path = "Preview Content";
			sourceTree = "<group>";
		};
		7564F22A2887C9C500A7E670 /* Food Recipe ListTests */ = {
			isa = PBXGroup;
			children = (
				7564F22B2887C9C500A7E670 /* Food_Recipe_ListTests.swift */,
			);
			path = "Food Recipe ListTests";
			sourceTree = "<group>";
		};
		7564F2342887C9C500A7E670 /* Food Recipe ListUITests */ = {
			isa = PBXGroup;
			children = (
				7564F2352887C9C500A7E670 /* Food_Recipe_ListUITests.swift */,
				7564F2372887C9C500A7E670 /* Food_Recipe_ListUITestsLaunchTests.swift */,
			);
			path = "Food Recipe ListUITests";
			sourceTree = "<group>";
		};
		7564F2442887C9D100A7E670 /* Models */ = {
			isa = PBXGroup;
			children = (
				7564F24B2887CA8E00A7E670 /* Recipe.swift */,
			);
			path = Models;
			sourceTree = "<group>";
		};
		7564F2452887C9D800A7E670 /* Views */ = {
			isa = PBXGroup;
			children = (
				7564F21C2887C9C200A7E670 /* RecipeListView.swift */,
				7564F2532887D1A900A7E670 /* RecipeDetailedView.swift */,
			);
			path = Views;
			sourceTree = "<group>";
		};
		7564F2462887C9DD00A7E670 /* ViewModels */ = {
			isa = PBXGroup;
			children = (
				7564F24F2887CF3E00A7E670 /* RecipeModel.swift */,
			);
			path = ViewModels;
			sourceTree = "<group>";
		};
		7564F2472887C9E500A7E670 /* Services */ = {
			isa = PBXGroup;
			children = (
				7564F24D2887CB8500A7E670 /* DataFetch.swift */,
			);
			path = Services;
			sourceTree = "<group>";
		};
		7564F2482887CA4C00A7E670 /* Data */ = {
			isa = PBXGroup;
			children = (
				7564F2492887CA7700A7E670 /* recipes.json */,
			);
			path = Data;
			sourceTree = "<group>";
		};
/* End PBXGroup section */

/* Begin PBXNativeTarget section */
		7564F2162887C9C200A7E670 /* Food Recipe List */ = {
			isa = PBXNativeTarget;
			buildConfigurationList = 7564F23B2887C9C500A7E670 /* Build configuration list for PBXNativeTarget "Food Recipe List" */;
			buildPhases = (
				7564F2132887C9C200A7E670 /* Sources */,
				7564F2142887C9C200A7E670 /* Frameworks */,
				7564F2152887C9C200A7E670 /* Resources */,
			);
			buildRules = (
			);
			dependencies = (
			);
			name = "Food Recipe List";
			productName = "Food Recipe List";
			productReference = 7564F2172887C9C200A7E670 /* Food Recipe List.app */;
			productType = "com.apple.product-type.application";
		};
		7564F2262887C9C500A7E670 /* Food Recipe ListTests */ = {
			isa = PBXNativeTarget;
			buildConfigurationList = 7564F23E2887C9C500A7E670 /* Build configuration list for PBXNativeTarget "Food Recipe ListTests" */;
			buildPhases = (
				7564F2232887C9C500A7E670 /* Sources */,
				7564F2242887C9C500A7E670 /* Frameworks */,
				7564F2252887C9C500A7E670 /* Resources */,
			);
			buildRules = (
			);
			dependencies = (
				7564F2292887C9C500A7E670 /* PBXTargetDependency */,
			);
			name = "Food Recipe ListTests";
			productName = "Food Recipe ListTests";
			productReference = 7564F2272887C9C500A7E670 /* Food Recipe ListTests.xctest */;
			productType = "com.apple.product-type.bundle.unit-test";
		};
		7564F2302887C9C500A7E670 /* Food Recipe ListUITests */ = {
			isa = PBXNativeTarget;
			buildConfigurationList = 7564F2412887C9C500A7E670 /* Build configuration list for PBXNativeTarget "Food Recipe ListUITests" */;
			buildPhases = (
				7564F22D2887C9C500A7E670 /* Sources */,
				7564F22E2887C9C500A7E670 /* Frameworks */,
				7564F22F2887C9C500A7E670 /* Resources */,
			);
			buildRules = (
			);
			dependencies = (
				7564F2332887C9C500A7E670 /* PBXTargetDependency */,
			);
			name = "Food Recipe ListUITests";
			productName = "Food Recipe ListUITests";
			productReference = 7564F2312887C9C500A7E670 /* Food Recipe ListUITests.xctest */;
			productType = "com.apple.product-type.bundle.ui-testing";
		};
/* End PBXNativeTarget section */

/* Begin PBXProject section */
		7564F20F2887C9C200A7E670 /* Project object */ = {
			isa = PBXProject;
			attributes = {
				BuildIndependentTargetsInParallel = 1;
				LastSwiftUpdateCheck = 1340;
				LastUpgradeCheck = 1340;
				TargetAttributes = {
					7564F2162887C9C200A7E670 = {
						CreatedOnToolsVersion = 13.4.1;
					};
					7564F2262887C9C500A7E670 = {
						CreatedOnToolsVersion = 13.4.1;
						TestTargetID = 7564F2162887C9C200A7E670;
					};
					7564F2302887C9C500A7E670 = {
						CreatedOnToolsVersion = 13.4.1;
						TestTargetID = 7564F2162887C9C200A7E670;
					};
				};
			};
			buildConfigurationList = 7564F2122887C9C200A7E670 /* Build configuration list for PBXProject "Food Recipe List" */;
			compatibilityVersion = "Xcode 13.0";
			developmentRegion = en;
			hasScannedForEncodings = 0;
			knownRegions = (
				en,
				Base,
			);
			mainGroup = 7564F20E2887C9C200A7E670;
			productRefGroup = 7564F2182887C9C200A7E670 /* Products */;
			projectDirPath = "";
			projectRoot = "";
			targets = (
				7564F2162887C9C200A7E670 /* Food Recipe List */,
				7564F2262887C9C500A7E670 /* Food Recipe ListTests */,
				7564F2302887C9C500A7E670 /* Food Recipe ListUITests */,
			);
		};
/* End PBXProject section */

/* Begin PBXResourcesBuildPhase section */
		7564F2152887C9C200A7E670 /* Resources */ = {
			isa = PBXResourcesBuildPhase;
			buildActionMask = 2147483647;
			files = (
				7564F2222887C9C500A7E670 /* Preview Assets.xcassets in Resources */,
				7564F24A2887CA7700A7E670 /* recipes.json in Resources */,
				7564F21F2887C9C500A7E670 /* Assets.xcassets in Resources */,
			);
			runOnlyForDeploymentPostprocessing = 0;
		};
		7564F2252887C9C500A7E670 /* Resources */ = {
			isa = PBXResourcesBuildPhase;
			buildActionMask = 2147483647;
			files = (
			);
			runOnlyForDeploymentPostprocessing = 0;
		};
		7564F22F2887C9C500A7E670 /* Resources */ = {
			isa = PBXResourcesBuildPhase;
			buildActionMask = 2147483647;
			files = (
			);
			runOnlyForDeploymentPostprocessing = 0;
		};
/* End PBXResourcesBuildPhase section */

/* Begin PBXSourcesBuildPhase section */
		7564F2132887C9C200A7E670 /* Sources */ = {
			isa = PBXSourcesBuildPhase;
			buildActionMask = 2147483647;
			files = (
				7564F24C2887CA8E00A7E670 /* Recipe.swift in Sources */,
				7564F21D2887C9C200A7E670 /* RecipeListView.swift in Sources */,
				7564F2542887D1A900A7E670 /* RecipeDetailedView.swift in Sources */,
				7564F2502887CF3E00A7E670 /* RecipeModel.swift in Sources */,
				7564F24E2887CB8500A7E670 /* DataFetch.swift in Sources */,
				7564F21B2887C9C200A7E670 /* Food_Recipe_ListApp.swift in Sources */,
			);
			runOnlyForDeploymentPostprocessing = 0;
		};
		7564F2232887C9C500A7E670 /* Sources */ = {
			isa = PBXSourcesBuildPhase;
			buildActionMask = 2147483647;
			files = (
				7564F22C2887C9C500A7E670 /* Food_Recipe_ListTests.swift in Sources */,
			);
			runOnlyForDeploymentPostprocessing = 0;
		};
		7564F22D2887C9C500A7E670 /* Sources */ = {
			isa = PBXSourcesBuildPhase;
			buildActionMask = 2147483647;
			files = (
				7564F2382887C9C500A7E670 /* Food_Recipe_ListUITestsLaunchTests.swift in Sources */,
				7564F2362887C9C500A7E670 /* Food_Recipe_ListUITests.swift in Sources */,
			);
			runOnlyForDeploymentPostprocessing = 0;
		};
/* End PBXSourcesBuildPhase section */

/* Begin PBXTargetDependency section */
		7564F2292887C9C500A7E670 /* PBXTargetDependency */ = {
			isa = PBXTargetDependency;
			target = 7564F2162887C9C200A7E670 /* Food Recipe List */;
			targetProxy = 7564F2282887C9C500A7E670 /* PBXContainerItemProxy */;
		};
		7564F2332887C9C500A7E670 /* PBXTargetDependency */ = {
			isa = PBXTargetDependency;
			target = 7564F2162887C9C200A7E670 /* Food Recipe List */;
			targetProxy = 7564F2322887C9C500A7E670 /* PBXContainerItemProxy */;
		};
/* End PBXTargetDependency section */

/* Begin XCBuildConfiguration section */
		7564F2392887C9C500A7E670 /* Debug */ = {
			isa = XCBuildConfiguration;
			buildSettings = {
				ALWAYS_SEARCH_USER_PATHS = NO;
				CLANG_ANALYZER_NONNULL = YES;
				CLANG_ANALYZER_NUMBER_OBJECT_CONVERSION = YES_AGGRESSIVE;
				CLANG_CXX_LANGUAGE_STANDARD = "gnu++17";
				CLANG_ENABLE_MODULES = YES;
				CLANG_ENABLE_OBJC_ARC = YES;
				CLANG_ENABLE_OBJC_WEAK = YES;
				CLANG_WARN_BLOCK_CAPTURE_AUTORELEASING = YES;
				CLANG_WARN_BOOL_CONVERSION = YES;
				CLANG_WARN_COMMA = YES;
				CLANG_WARN_CONSTANT_CONVERSION = YES;
				CLANG_WARN_DEPRECATED_OBJC_IMPLEMENTATIONS = YES;
				CLANG_WARN_DIRECT_OBJC_ISA_USAGE = YES_ERROR;
				CLANG_WARN_DOCUMENTATION_COMMENTS = YES;
				CLANG_WARN_EMPTY_BODY = YES;
				CLANG_WARN_ENUM_CONVERSION = YES;
				CLANG_WARN_INFINITE_RECURSION = YES;
				CLANG_WARN_INT_CONVERSION = YES;
				CLANG_WARN_NON_LITERAL_NULL_CONVERSION = YES;
				CLANG_WARN_OBJC_IMPLICIT_RETAIN_SELF = YES;
				CLANG_WARN_OBJC_LITERAL_CONVERSION = YES;
				CLANG_WARN_OBJC_ROOT_CLASS = YES_ERROR;
				CLANG_WARN_QUOTED_INCLUDE_IN_FRAMEWORK_HEADER = YES;
				CLANG_WARN_RANGE_LOOP_ANALYSIS = YES;
				CLANG_WARN_STRICT_PROTOTYPES = YES;
				CLANG_WARN_SUSPICIOUS_MOVE = YES;
				CLANG_WARN_UNGUARDED_AVAILABILITY = YES_AGGRESSIVE;
				CLANG_WARN_UNREACHABLE_CODE = YES;
				CLANG_WARN__DUPLICATE_METHOD_MATCH = YES;
				COPY_PHASE_STRIP = NO;
				DEBUG_INFORMATION_FORMAT = dwarf;
				ENABLE_STRICT_OBJC_MSGSEND = YES;
				ENABLE_TESTABILITY = YES;
				GCC_C_LANGUAGE_STANDARD = gnu11;
				GCC_DYNAMIC_NO_PIC = NO;
				GCC_NO_COMMON_BLOCKS = YES;
				GCC_OPTIMIZATION_LEVEL = 0;
				GCC_PREPROCESSOR_DEFINITIONS = (
					"DEBUG=1",
					"$(inherited)",
				);
				GCC_WARN_64_TO_32_BIT_CONVERSION = YES;
				GCC_WARN_ABOUT_RETURN_TYPE = YES_ERROR;
				GCC_WARN_UNDECLARED_SELECTOR = YES;
				GCC_WARN_UNINITIALIZED_AUTOS = YES_AGGRESSIVE;
				GCC_WARN_UNUSED_FUNCTION = YES;
				GCC_WARN_UNUSED_VARIABLE = YES;
				IPHONEOS_DEPLOYMENT_TARGET = 15.5;
				MTL_ENABLE_DEBUG_INFO = INCLUDE_SOURCE;
				MTL_FAST_MATH = YES;
				ONLY_ACTIVE_ARCH = YES;
				SDKROOT = iphoneos;
				SWIFT_ACTIVE_COMPILATION_CONDITIONS = DEBUG;
				SWIFT_OPTIMIZATION_LEVEL = "-Onone";
			};
			name = Debug;
		};
		7564F23A2887C9C500A7E670 /* Release */ = {
			isa = XCBuildConfiguration;
			buildSettings = {
				ALWAYS_SEARCH_USER_PATHS = NO;
				CLANG_ANALYZER_NONNULL = YES;
				CLANG_ANALYZER_NUMBER_OBJECT_CONVERSION = YES_AGGRESSIVE;
				CLANG_CXX_LANGUAGE_STANDARD = "gnu++17";
				CLANG_ENABLE_MODULES = YES;
				CLANG_ENABLE_OBJC_ARC = YES;
				CLANG_ENABLE_OBJC_WEAK = YES;
				CLANG_WARN_BLOCK_CAPTURE_AUTORELEASING = YES;
				CLANG_WARN_BOOL_CONVERSION = YES;
				CLANG_WARN_COMMA = YES;
				CLANG_WARN_CONSTANT_CONVERSION = YES;
				CLANG_WARN_DEPRECATED_OBJC_IMPLEMENTATIONS = YES;
				CLANG_WARN_DIRECT_OBJC_ISA_USAGE = YES_ERROR;
				CLANG_WARN_DOCUMENTATION_COMMENTS = YES;
				CLANG_WARN_EMPTY_BODY = YES;
				CLANG_WARN_ENUM_CONVERSION = YES;
				CLANG_WARN_INFINITE_RECURSION = YES;
				CLANG_WARN_INT_CONVERSION = YES;
				CLANG_WARN_NON_LITERAL_NULL_CONVERSION = YES;
				CLANG_WARN_OBJC_IMPLICIT_RETAIN_SELF = YES;
				CLANG_WARN_OBJC_LITERAL_CONVERSION = YES;
				CLANG_WARN_OBJC_ROOT_CLASS = YES_ERROR;
				CLANG_WARN_QUOTED_INCLUDE_IN_FRAMEWORK_HEADER = YES;
				CLANG_WARN_RANGE_LOOP_ANALYSIS = YES;
				CLANG_WARN_STRICT_PROTOTYPES = YES;
				CLANG_WARN_SUSPICIOUS_MOVE = YES;
				CLANG_WARN_UNGUARDED_AVAILABILITY = YES_AGGRESSIVE;
				CLANG_WARN_UNREACHABLE_CODE = YES;
				CLANG_WARN__DUPLICATE_METHOD_MATCH = YES;
				COPY_PHASE_STRIP = NO;
				DEBUG_INFORMATION_FORMAT = "dwarf-with-dsym";
				ENABLE_NS_ASSERTIONS = NO;
				ENABLE_STRICT_OBJC_MSGSEND = YES;
				GCC_C_LANGUAGE_STANDARD = gnu11;
				GCC_NO_COMMON_BLOCKS = YES;
				GCC_WARN_64_TO_32_BIT_CONVERSION = YES;
				GCC_WARN_ABOUT_RETURN_TYPE = YES_ERROR;
				GCC_WARN_UNDECLARED_SELECTOR = YES;
				GCC_WARN_UNINITIALIZED_AUTOS = YES_AGGRESSIVE;
				GCC_WARN_UNUSED_FUNCTION = YES;
				GCC_WARN_UNUSED_VARIABLE = YES;
				IPHONEOS_DEPLOYMENT_TARGET = 15.5;
				MTL_ENABLE_DEBUG_INFO = NO;
				MTL_FAST_MATH = YES;
				SDKROOT = iphoneos;
				SWIFT_COMPILATION_MODE = wholemodule;
				SWIFT_OPTIMIZATION_LEVEL = "-O";
				VALIDATE_PRODUCT = YES;
			};
			name = Release;
		};
		7564F23C2887C9C500A7E670 /* Debug */ = {
			isa = XCBuildConfiguration;
			buildSettings = {
				ASSETCATALOG_COMPILER_APPICON_NAME = AppIcon;
				ASSETCATALOG_COMPILER_GLOBAL_ACCENT_COLOR_NAME = AccentColor;
				CODE_SIGN_STYLE = Automatic;
				CURRENT_PROJECT_VERSION = 1;
				DEVELOPMENT_ASSET_PATHS = "\"Food Recipe List/Preview Content\"";
				ENABLE_PREVIEWS = YES;
				GENERATE_INFOPLIST_FILE = YES;
				INFOPLIST_KEY_UIApplicationSceneManifest_Generation = YES;
				INFOPLIST_KEY_UIApplicationSupportsIndirectInputEvents = YES;
				INFOPLIST_KEY_UILaunchScreen_Generation = YES;
				INFOPLIST_KEY_UISupportedInterfaceOrientations_iPad = "UIInterfaceOrientationPortrait UIInterfaceOrientationPortraitUpsideDown UIInterfaceOrientationLandscapeLeft UIInterfaceOrientationLandscapeRight";
				INFOPLIST_KEY_UISupportedInterfaceOrientations_iPhone = "UIInterfaceOrientationPortrait UIInterfaceOrientationLandscapeLeft UIInterfaceOrientationLandscapeRight";
				LD_RUNPATH_SEARCH_PATHS = (
					"$(inherited)",
					"@executable_path/Frameworks",
				);
				MARKETING_VERSION = 1.0;
				PRODUCT_BUNDLE_IDENTIFIER = "danieleir.Food-Recipe-List";
				PRODUCT_NAME = "$(TARGET_NAME)";
				SWIFT_EMIT_LOC_STRINGS = YES;
				SWIFT_VERSION = 5.0;
				TARGETED_DEVICE_FAMILY = "1,2";
			};
			name = Debug;
		};
		7564F23D2887C9C500A7E670 /* Release */ = {
			isa = XCBuildConfiguration;
			buildSettings = {
				ASSETCATALOG_COMPILER_APPICON_NAME = AppIcon;
				ASSETCATALOG_COMPILER_GLOBAL_ACCENT_COLOR_NAME = AccentColor;
				CODE_SIGN_STYLE = Automatic;
				CURRENT_PROJECT_VERSION = 1;
				DEVELOPMENT_ASSET_PATHS = "\"Food Recipe List/Preview Content\"";
				ENABLE_PREVIEWS = YES;
				GENERATE_INFOPLIST_FILE = YES;
				INFOPLIST_KEY_UIApplicationSceneManifest_Generation = YES;
				INFOPLIST_KEY_UIApplicationSupportsIndirectInputEvents = YES;
				INFOPLIST_KEY_UILaunchScreen_Generation = YES;
				INFOPLIST_KEY_UISupportedInterfaceOrientations_iPad = "UIInterfaceOrientationPortrait UIInterfaceOrientationPortraitUpsideDown UIInterfaceOrientationLandscapeLeft UIInterfaceOrientationLandscapeRight";
				INFOPLIST_KEY_UISupportedInterfaceOrientations_iPhone = "UIInterfaceOrientationPortrait UIInterfaceOrientationLandscapeLeft UIInterfaceOrientationLandscapeRight";
				LD_RUNPATH_SEARCH_PATHS = (
					"$(inherited)",
					"@executable_path/Frameworks",
				);
				MARKETING_VERSION = 1.0;
				PRODUCT_BUNDLE_IDENTIFIER = "danieleir.Food-Recipe-List";
				PRODUCT_NAME = "$(TARGET_NAME)";
				SWIFT_EMIT_LOC_STRINGS = YES;
				SWIFT_VERSION = 5.0;
				TARGETED_DEVICE_FAMILY = "1,2";
			};
			name = Release;
		};
		7564F23F2887C9C500A7E670 /* Debug */ = {
			isa = XCBuildConfiguration;
			buildSettings = {
				ALWAYS_EMBED_SWIFT_STANDARD_LIBRARIES = YES;
				BUNDLE_LOADER = "$(TEST_HOST)";
				CODE_SIGN_STYLE = Automatic;
				CURRENT_PROJECT_VERSION = 1;
				GENERATE_INFOPLIST_FILE = YES;
				IPHONEOS_DEPLOYMENT_TARGET = 15.5;
				MARKETING_VERSION = 1.0;
				PRODUCT_BUNDLE_IDENTIFIER = "danieleir.Food-Recipe-ListTests";
				PRODUCT_NAME = "$(TARGET_NAME)";
				SWIFT_EMIT_LOC_STRINGS = NO;
				SWIFT_VERSION = 5.0;
				TARGETED_DEVICE_FAMILY = "1,2";
				TEST_HOST = "$(BUILT_PRODUCTS_DIR)/Food Recipe List.app/Food Recipe List";
			};
			name = Debug;
		};
		7564F2402887C9C500A7E670 /* Release */ = {
			isa = XCBuildConfiguration;
			buildSettings = {
				ALWAYS_EMBED_SWIFT_STANDARD_LIBRARIES = YES;
				BUNDLE_LOADER = "$(TEST_HOST)";
				CODE_SIGN_STYLE = Automatic;
				CURRENT_PROJECT_VERSION = 1;
				GENERATE_INFOPLIST_FILE = YES;
				IPHONEOS_DEPLOYMENT_TARGET = 15.5;
				MARKETING_VERSION = 1.0;
				PRODUCT_BUNDLE_IDENTIFIER = "danieleir.Food-Recipe-ListTests";
				PRODUCT_NAME = "$(TARGET_NAME)";
				SWIFT_EMIT_LOC_STRINGS = NO;
				SWIFT_VERSION = 5.0;
				TARGETED_DEVICE_FAMILY = "1,2";
				TEST_HOST = "$(BUILT_PRODUCTS_DIR)/Food Recipe List.app/Food Recipe List";
			};
			name = Release;
		};
		7564F2422887C9C500A7E670 /* Debug */ = {
			isa = XCBuildConfiguration;
			buildSettings = {
				ALWAYS_EMBED_SWIFT_STANDARD_LIBRARIES = YES;
				CODE_SIGN_STYLE = Automatic;
				CURRENT_PROJECT_VERSION = 1;
				GENERATE_INFOPLIST_FILE = YES;
				MARKETING_VERSION = 1.0;
				PRODUCT_BUNDLE_IDENTIFIER = "danieleir.Food-Recipe-ListUITests";
				PRODUCT_NAME = "$(TARGET_NAME)";
				SWIFT_EMIT_LOC_STRINGS = NO;
				SWIFT_VERSION = 5.0;
				TARGETED_DEVICE_FAMILY = "1,2";
				TEST_TARGET_NAME = "Food Recipe List";
			};
			name = Debug;
		};
		7564F2432887C9C500A7E670 /* Release */ = {
			isa = XCBuildConfiguration;
			buildSettings = {
				ALWAYS_EMBED_SWIFT_STANDARD_LIBRARIES = YES;
				CODE_SIGN_STYLE = Automatic;
				CURRENT_PROJECT_VERSION = 1;
				GENERATE_INFOPLIST_FILE = YES;
				MARKETING_VERSION = 1.0;
				PRODUCT_BUNDLE_IDENTIFIER = "danieleir.Food-Recipe-ListUITests";
				PRODUCT_NAME = "$(TARGET_NAME)";
				SWIFT_EMIT_LOC_STRINGS = NO;
				SWIFT_VERSION = 5.0;
				TARGETED_DEVICE_FAMILY = "1,2";
				TEST_TARGET_NAME = "Food Recipe List";
			};
			name = Release;
		};
/* End XCBuildConfiguration section */

/* Begin XCConfigurationList section */
		7564F2122887C9C200A7E670 /* Build configuration list for PBXProject "Food Recipe List" */ = {
			isa = XCConfigurationList;
			buildConfigurations = (
				7564F2392887C9C500A7E670 /* Debug */,
				7564F23A2887C9C500A7E670 /* Release */,
			);
			defaultConfigurationIsVisible = 0;
			defaultConfigurationName = Release;
		};
		7564F23B2887C9C500A7E670 /* Build configuration list for PBXNativeTarget "Food Recipe List" */ = {
			isa = XCConfigurationList;
			buildConfigurations = (
				7564F23C2887C9C500A7E670 /* Debug */,
				7564F23D2887C9C500A7E670 /* Release */,
			);
			defaultConfigurationIsVisible = 0;
			defaultConfigurationName = Release;
		};
		7564F23E2887C9C500A7E670 /* Build configuration list for PBXNativeTarget "Food Recipe ListTests" */ = {
			isa = XCConfigurationList;
			buildConfigurations = (
				7564F23F2887C9C500A7E670 /* Debug */,
				7564F2402887C9C500A7E670 /* Release */,
			);
			defaultConfigurationIsVisible = 0;
			defaultConfigurationName = Release;
		};
		7564F2412887C9C500A7E670 /* Build configuration list for PBXNativeTarget "Food Recipe ListUITests" */ = {
			isa = XCConfigurationList;
			buildConfigurations = (
				7564F2422887C9C500A7E670 /* Debug */,
				7564F2432887C9C500A7E670 /* Release */,
			);
			defaultConfigurationIsVisible = 0;
			defaultConfigurationName = Release;
		};
/* End XCConfigurationList section */
	};
	rootObject = 7564F20F2887C9C200A7E670 /* Project object */;
}
